
Microsoft Visual Studio Solution File, Format Version 12.00
# Visual Studio Version 16
VisualStudioVersion = 16.0.33328.57
MinimumVisualStudioVersion = 10.0.40219.1
Project("{FAE04EC0-301F-11D3-BF4B-00C04F79EFBC}") = "ManagementApp", "ManagementApp\ManagementApp.csproj", "{64722EE0-40CF-4962-8287-9AB5F7C60F55}"
EndProject
Global
	GlobalSection(SolutionConfigurationPlatforms) = preSolution
		Debug|Any CPU = Debug|Any CPU
		Release|Any CPU = Release|Any CPU
	EndGlobalSection
	GlobalSection(ProjectConfigurationPlatforms) = postSolution
		{64722EE0-40CF-4962-8287-9AB5F7C60F55}.Debug|Any CPU.ActiveCfg = Debug|Any CPU
		{64722EE0-40CF-4962-8287-9AB5F7C60F55}.Debug|Any CPU.Build.0 = Debug|Any CPU
		{64722EE0-40CF-4962-8287-9AB5F7C60F55}.Release|Any CPU.ActiveCfg = Release|Any CPU
		{64722EE0-40CF-4962-8287-9AB5F7C60F55}.Release|Any CPU.Build.0 = Release|Any CPU
	EndGlobalSection
	GlobalSection(SolutionProperties) = preSolution
		HideSolutionNode = FALSE
	EndGlobalSection
	GlobalSection(ExtensibilityGlobals) = postSolution
		SolutionGuid = {08745E9A-5431-4E3D-B777-9DC02D37A389}
	EndGlobalSection
EndGlobal
